
Microsoft Visual Studio Solution File, Format Version 12.00
# Visual Studio 15
VisualStudioVersion = 15.0.28307.168
MinimumVisualStudioVersion = 10.0.40219.1
Project("{FAE04EC0-301F-11D3-BF4B-00C04F79EFBC}") = "SpotifyAuthCode", "SpotifyAuthCode\SpotifyAuthCode.csproj", "{25969B86-65A5-48FD-BA35-959F459E3B3E}"
EndProject
Global
	GlobalSection(SolutionConfigurationPlatforms) = preSolution
		Debug|Any CPU = Debug|Any CPU
		Release|Any CPU = Release|Any CPU
	EndGlobalSection
	GlobalSection(ProjectConfigurationPlatforms) = postSolution
		{25969B86-65A5-48FD-BA35-959F459E3B3E}.Debug|Any CPU.ActiveCfg = Debug|Any CPU
		{25969B86-65A5-48FD-BA35-959F459E3B3E}.Debug|Any CPU.Build.0 = Debug|Any CPU
		{25969B86-65A5-48FD-BA35-959F459E3B3E}.Release|Any CPU.ActiveCfg = Release|Any CPU
		{25969B86-65A5-48FD-BA35-959F459E3B3E}.Release|Any CPU.Build.0 = Release|Any CPU
	EndGlobalSection
	GlobalSection(SolutionProperties) = preSolution
		HideSolutionNode = FALSE
	EndGlobalSection
	GlobalSection(ExtensibilityGlobals) = postSolution
		SolutionGuid = {0BD052E0-7E11-44FD-961D-D4FC172D8134}
	EndGlobalSection
EndGlobal
